// !$*UTF8*$!
{
	archiveVersion = 1;
	classes = {
	};
	objectVersion = 50;
	objects = {

/* Begin PBXBuildFile section */
		E248C618215CBE8700770366 /* AppDelegate.swift in Sources */ = {isa = PBXBuildFile; fileRef = E248C617215CBE8700770366 /* AppDelegate.swift */; };
		E248C61A215CBE8700770366 /* LoginViewController.swift in Sources */ = {isa = PBXBuildFile; fileRef = E248C619215CBE8700770366 /* LoginViewController.swift */; };
		E248C61D215CBE8700770366 /* Main.storyboard in Resources */ = {isa = PBXBuildFile; fileRef = E248C61B215CBE8700770366 /* Main.storyboard */; };
		E248C61F215CBE8900770366 /* Assets.xcassets in Resources */ = {isa = PBXBuildFile; fileRef = E248C61E215CBE8900770366 /* Assets.xcassets */; };
		E248C622215CBE8900770366 /* LaunchScreen.storyboard in Resources */ = {isa = PBXBuildFile; fileRef = E248C620215CBE8900770366 /* LaunchScreen.storyboard */; };
		E248C648215D272C00770366 /* UIView.swift in Sources */ = {isa = PBXBuildFile; fileRef = E248C647215D272C00770366 /* UIView.swift */; };
		E24DFAD821662843003330F2 /* Registration.swift in Sources */ = {isa = PBXBuildFile; fileRef = E24DFAD721662843003330F2 /* Registration.swift */; };
		E24DFADC21664A8C003330F2 /* RegisterField.swift in Sources */ = {isa = PBXBuildFile; fileRef = E24DFADB21664A8C003330F2 /* RegisterField.swift */; };
		E271D0452163A30700E06CAE /* RegistrationViewController.swift in Sources */ = {isa = PBXBuildFile; fileRef = E271D0442163A30700E06CAE /* RegistrationViewController.swift */; };
		E2DA7F5621622F0B00D45F6C /* LogoutViewController.swift in Sources */ = {isa = PBXBuildFile; fileRef = E2DA7F5521622F0B00D45F6C /* LogoutViewController.swift */; };
		E2DA7F58216252D400D45F6C /* UiViewControllerExtentions.swift in Sources */ = {isa = PBXBuildFile; fileRef = E2DA7F57216252D400D45F6C /* UiViewControllerExtentions.swift */; };
/* End PBXBuildFile section */

/* Begin PBXFileReference section */
		E248C614215CBE8700770366 /* Login.app */ = {isa = PBXFileReference; explicitFileType = wrapper.application; includeInIndex = 0; path = Login.app; sourceTree = BUILT_PRODUCTS_DIR; };
		E248C617215CBE8700770366 /* AppDelegate.swift */ = {isa = PBXFileReference; lastKnownFileType = sourcecode.swift; path = AppDelegate.swift; sourceTree = "<group>"; };
		E248C619215CBE8700770366 /* LoginViewController.swift */ = {isa = PBXFileReference; lastKnownFileType = sourcecode.swift; path = LoginViewController.swift; sourceTree = "<group>"; };
		E248C61C215CBE8700770366 /* Base */ = {isa = PBXFileReference; lastKnownFileType = file.storyboard; name = Base; path = Base.lproj/Main.storyboard; sourceTree = "<group>"; };
		E248C61E215CBE8900770366 /* Assets.xcassets */ = {isa = PBXFileReference; lastKnownFileType = folder.assetcatalog; path = Assets.xcassets; sourceTree = "<group>"; };
		E248C621215CBE8900770366 /* Base */ = {isa = PBXFileReference; lastKnownFileType = file.storyboard; name = Base; path = Base.lproj/LaunchScreen.storyboard; sourceTree = "<group>"; };
		E248C623215CBE8900770366 /* Info.plist */ = {isa = PBXFileReference; lastKnownFileType = text.plist.xml; path = Info.plist; sourceTree = "<group>"; };
		E248C647215D272C00770366 /* UIView.swift */ = {isa = PBXFileReference; lastKnownFileType = sourcecode.swift; path = UIView.swift; sourceTree = "<group>"; };
		E24DFAD721662843003330F2 /* Registration.swift */ = {isa = PBXFileReference; lastKnownFileType = sourcecode.swift; path = Registration.swift; sourceTree = "<group>"; };
		E24DFADB21664A8C003330F2 /* RegisterField.swift */ = {isa = PBXFileReference; lastKnownFileType = sourcecode.swift; path = RegisterField.swift; sourceTree = "<group>"; };
		E271D0442163A30700E06CAE /* RegistrationViewController.swift */ = {isa = PBXFileReference; lastKnownFileType = sourcecode.swift; path = RegistrationViewController.swift; sourceTree = "<group>"; };
		E2DA7F5521622F0B00D45F6C /* LogoutViewController.swift */ = {isa = PBXFileReference; lastKnownFileType = sourcecode.swift; path = LogoutViewController.swift; sourceTree = "<group>"; };
		E2DA7F57216252D400D45F6C /* UiViewControllerExtentions.swift */ = {isa = PBXFileReference; lastKnownFileType = sourcecode.swift; path = UiViewControllerExtentions.swift; sourceTree = "<group>"; };
/* End PBXFileReference section */

/* Begin PBXFrameworksBuildPhase section */
		E248C611215CBE8700770366 /* Frameworks */ = {
			isa = PBXFrameworksBuildPhase;
			buildActionMask = 2147483647;
			files = (
			);
			runOnlyForDeploymentPostprocessing = 0;
		};
/* End PBXFrameworksBuildPhase section */

/* Begin PBXGroup section */
		E248C60B215CBE8700770366 = {
			isa = PBXGroup;
			children = (
				E248C616215CBE8700770366 /* Login */,
				E248C615215CBE8700770366 /* Products */,
			);
			sourceTree = "<group>";
		};
		E248C615215CBE8700770366 /* Products */ = {
			isa = PBXGroup;
			children = (
				E248C614215CBE8700770366 /* Login.app */,
			);
			name = Products;
			sourceTree = "<group>";
		};
		E248C616215CBE8700770366 /* Login */ = {
			isa = PBXGroup;
			children = (
				E248C617215CBE8700770366 /* AppDelegate.swift */,
				E248C619215CBE8700770366 /* LoginViewController.swift */,
				E248C61B215CBE8700770366 /* Main.storyboard */,
				E248C61E215CBE8900770366 /* Assets.xcassets */,
				E248C620215CBE8900770366 /* LaunchScreen.storyboard */,
				E248C623215CBE8900770366 /* Info.plist */,
				E248C647215D272C00770366 /* UIView.swift */,
				E2DA7F5521622F0B00D45F6C /* LogoutViewController.swift */,
				E2DA7F57216252D400D45F6C /* UiViewControllerExtentions.swift */,
				E271D0442163A30700E06CAE /* RegistrationViewController.swift */,
				E24DFAD721662843003330F2 /* Registration.swift */,
				E24DFADB21664A8C003330F2 /* RegisterField.swift */,
			);
			path = Login;
			sourceTree = "<group>";
		};
/* End PBXGroup section */

/* Begin PBXNativeTarget section */
		E248C613215CBE8700770366 /* Login */ = {
			isa = PBXNativeTarget;
			buildConfigurationList = E248C626215CBE8900770366 /* Build configuration list for PBXNativeTarget "Login" */;
			buildPhases = (
				E248C610215CBE8700770366 /* Sources */,
				E248C611215CBE8700770366 /* Frameworks */,
				E248C612215CBE8700770366 /* Resources */,
			);
			buildRules = (
			);
			dependencies = (
			);
			name = Login;
			productName = Login;
			productReference = E248C614215CBE8700770366 /* Login.app */;
			productType = "com.apple.product-type.application";
		};
/* End PBXNativeTarget section */

/* Begin PBXProject section */
		E248C60C215CBE8700770366 /* Project object */ = {
			isa = PBXProject;
			attributes = {
				LastSwiftUpdateCheck = 1000;
				LastUpgradeCheck = 1000;
				ORGANIZATIONNAME = "Arpik Sargsyan";
				TargetAttributes = {
					E248C613215CBE8700770366 = {
						CreatedOnToolsVersion = 10.0;
					};
				};
			};
			buildConfigurationList = E248C60F215CBE8700770366 /* Build configuration list for PBXProject "Login" */;
			compatibilityVersion = "Xcode 9.3";
			developmentRegion = en;
			hasScannedForEncodings = 0;
			knownRegions = (
				en,
				Base,
			);
			mainGroup = E248C60B215CBE8700770366;
			productRefGroup = E248C615215CBE8700770366 /* Products */;
			projectDirPath = "";
			projectRoot = "";
			targets = (
				E248C613215CBE8700770366 /* Login */,
			);
		};
/* End PBXProject section */

/* Begin PBXResourcesBuildPhase section */
		E248C612215CBE8700770366 /* Resources */ = {
			isa = PBXResourcesBuildPhase;
			buildActionMask = 2147483647;
			files = (
				E248C622215CBE8900770366 /* LaunchScreen.storyboard in Resources */,
				E248C61F215CBE8900770366 /* Assets.xcassets in Resources */,
				E248C61D215CBE8700770366 /* Main.storyboard in Resources */,
			);
			runOnlyForDeploymentPostprocessing = 0;
		};
/* End PBXResourcesBuildPhase section */

/* Begin PBXSourcesBuildPhase section */
		E248C610215CBE8700770366 /* Sources */ = {
			isa = PBXSourcesBuildPhase;
			buildActionMask = 2147483647;
			files = (
				E271D0452163A30700E06CAE /* RegistrationViewController.swift in Sources */,
				E2DA7F5621622F0B00D45F6C /* LogoutViewController.swift in Sources */,
				E24DFAD821662843003330F2 /* Registration.swift in Sources */,
				E248C61A215CBE8700770366 /* LoginViewController.swift in Sources */,
				E248C648215D272C00770366 /* UIView.swift in Sources */,
				E2DA7F58216252D400D45F6C /* UiViewControllerExtentions.swift in Sources */,
				E248C618215CBE8700770366 /* AppDelegate.swift in Sources */,
				E24DFADC21664A8C003330F2 /* RegisterField.swift in Sources */,
			);
			runOnlyForDeploymentPostprocessing = 0;
		};
/* End PBXSourcesBuildPhase section */

/* Begin PBXVariantGroup section */
		E248C61B215CBE8700770366 /* Main.storyboard */ = {
			isa = PBXVariantGroup;
			children = (
				E248C61C215CBE8700770366 /* Base */,
			);
			name = Main.storyboard;
			sourceTree = "<group>";
		};
		E248C620215CBE8900770366 /* LaunchScreen.storyboard */ = {
			isa = PBXVariantGroup;
			children = (
				E248C621215CBE8900770366 /* Base */,
			);
			name = LaunchScreen.storyboard;
			sourceTree = "<group>";
		};
/* End PBXVariantGroup section */

/* Begin XCBuildConfiguration section */
		E248C624215CBE8900770366 /* Debug */ = {
			isa = XCBuildConfiguration;
			buildSettings = {
				ALWAYS_SEARCH_USER_PATHS = NO;
				CLANG_ANALYZER_NONNULL = YES;
				CLANG_ANALYZER_NUMBER_OBJECT_CONVERSION = YES_AGGRESSIVE;
				CLANG_CXX_LANGUAGE_STANDARD = "gnu++14";
				CLANG_CXX_LIBRARY = "libc++";
				CLANG_ENABLE_MODULES = YES;
				CLANG_ENABLE_OBJC_ARC = YES;
				CLANG_ENABLE_OBJC_WEAK = YES;
				CLANG_WARN_BLOCK_CAPTURE_AUTORELEASING = YES;
				CLANG_WARN_BOOL_CONVERSION = YES;
				CLANG_WARN_COMMA = YES;
				CLANG_WARN_CONSTANT_CONVERSION = YES;
				CLANG_WARN_DEPRECATED_OBJC_IMPLEMENTATIONS = YES;
				CLANG_WARN_DIRECT_OBJC_ISA_USAGE = YES_ERROR;
				CLANG_WARN_DOCUMENTATION_COMMENTS = YES;
				CLANG_WARN_EMPTY_BODY = YES;
				CLANG_WARN_ENUM_CONVERSION = YES;
				CLANG_WARN_INFINITE_RECURSION = YES;
				CLANG_WARN_INT_CONVERSION = YES;
				CLANG_WARN_NON_LITERAL_NULL_CONVERSION = YES;
				CLANG_WARN_OBJC_IMPLICIT_RETAIN_SELF = YES;
				CLANG_WARN_OBJC_LITERAL_CONVERSION = YES;
				CLANG_WARN_OBJC_ROOT_CLASS = YES_ERROR;
				CLANG_WARN_RANGE_LOOP_ANALYSIS = YES;
				CLANG_WARN_STRICT_PROTOTYPES = YES;
				CLANG_WARN_SUSPICIOUS_MOVE = YES;
				CLANG_WARN_UNGUARDED_AVAILABILITY = YES_AGGRESSIVE;
				CLANG_WARN_UNREACHABLE_CODE = YES;
				CLANG_WARN__DUPLICATE_METHOD_MATCH = YES;
				CODE_SIGN_IDENTITY = "iPhone Developer";
				COPY_PHASE_STRIP = NO;
				DEBUG_INFORMATION_FORMAT = dwarf;
				ENABLE_STRICT_OBJC_MSGSEND = YES;
				ENABLE_TESTABILITY = YES;
				GCC_C_LANGUAGE_STANDARD = gnu11;
				GCC_DYNAMIC_NO_PIC = NO;
				GCC_NO_COMMON_BLOCKS = YES;
				GCC_OPTIMIZATION_LEVEL = 0;
				GCC_PREPROCESSOR_DEFINITIONS = (
					"DEBUG=1",
					"$(inherited)",
				);
				GCC_WARN_64_TO_32_BIT_CONVERSION = YES;
				GCC_WARN_ABOUT_RETURN_TYPE = YES_ERROR;
				GCC_WARN_UNDECLARED_SELECTOR = YES;
				GCC_WARN_UNINITIALIZED_AUTOS = YES_AGGRESSIVE;
				GCC_WARN_UNUSED_FUNCTION = YES;
				GCC_WARN_UNUSED_VARIABLE = YES;
				IPHONEOS_DEPLOYMENT_TARGET = 12.0;
				MTL_ENABLE_DEBUG_INFO = INCLUDE_SOURCE;
				MTL_FAST_MATH = YES;
				ONLY_ACTIVE_ARCH = YES;
				SDKROOT = iphoneos;
				SWIFT_ACTIVE_COMPILATION_CONDITIONS = DEBUG;
				SWIFT_OPTIMIZATION_LEVEL = "-Onone";
			};
			name = Debug;
		};
		E248C625215CBE8900770366 /* Release */ = {
			isa = XCBuildConfiguration;
			buildSettings = {
				ALWAYS_SEARCH_USER_PATHS = NO;
				CLANG_ANALYZER_NONNULL = YES;
				CLANG_ANALYZER_NUMBER_OBJECT_CONVERSION = YES_AGGRESSIVE;
				CLANG_CXX_LANGUAGE_STANDARD = "gnu++14";
				CLANG_CXX_LIBRARY = "libc++";
				CLANG_ENABLE_MODULES = YES;
				CLANG_ENABLE_OBJC_ARC = YES;
				CLANG_ENABLE_OBJC_WEAK = YES;
				CLANG_WARN_BLOCK_CAPTURE_AUTORELEASING = YES;
				CLANG_WARN_BOOL_CONVERSION = YES;
				CLANG_WARN_COMMA = YES;
				CLANG_WARN_CONSTANT_CONVERSION = YES;
				CLANG_WARN_DEPRECATED_OBJC_IMPLEMENTATIONS = YES;
				CLANG_WARN_DIRECT_OBJC_ISA_USAGE = YES_ERROR;
				CLANG_WARN_DOCUMENTATION_COMMENTS = YES;
				CLANG_WARN_EMPTY_BODY = YES;
				CLANG_WARN_ENUM_CONVERSION = YES;
				CLANG_WARN_INFINITE_RECURSION = YES;
				CLANG_WARN_INT_CONVERSION = YES;
				CLANG_WARN_NON_LITERAL_NULL_CONVERSION = YES;
				CLANG_WARN_OBJC_IMPLICIT_RETAIN_SELF = YES;
				CLANG_WARN_OBJC_LITERAL_CONVERSION = YES;
				CLANG_WARN_OBJC_ROOT_CLASS = YES_ERROR;
				CLANG_WARN_RANGE_LOOP_ANALYSIS = YES;
				CLANG_WARN_STRICT_PROTOTYPES = YES;
				CLANG_WARN_SUSPICIOUS_MOVE = YES;
				CLANG_WARN_UNGUARDED_AVAILABILITY = YES_AGGRESSIVE;
				CLANG_WARN_UNREACHABLE_CODE = YES;
				CLANG_WARN__DUPLICATE_METHOD_MATCH = YES;
				CODE_SIGN_IDENTITY = "iPhone Developer";
				COPY_PHASE_STRIP = NO;
				DEBUG_INFORMATION_FORMAT = "dwarf-with-dsym";
				ENABLE_NS_ASSERTIONS = NO;
				ENABLE_STRICT_OBJC_MSGSEND = YES;
				GCC_C_LANGUAGE_STANDARD = gnu11;
				GCC_NO_COMMON_BLOCKS = YES;
				GCC_WARN_64_TO_32_BIT_CONVERSION = YES;
				GCC_WARN_ABOUT_RETURN_TYPE = YES_ERROR;
				GCC_WARN_UNDECLARED_SELECTOR = YES;
				GCC_WARN_UNINITIALIZED_AUTOS = YES_AGGRESSIVE;
				GCC_WARN_UNUSED_FUNCTION = YES;
				GCC_WARN_UNUSED_VARIABLE = YES;
				IPHONEOS_DEPLOYMENT_TARGET = 12.0;
				MTL_ENABLE_DEBUG_INFO = NO;
				MTL_FAST_MATH = YES;
				SDKROOT = iphoneos;
				SWIFT_COMPILATION_MODE = wholemodule;
				SWIFT_OPTIMIZATION_LEVEL = "-O";
				VALIDATE_PRODUCT = YES;
			};
			name = Release;
		};
		E248C627215CBE8900770366 /* Debug */ = {
			isa = XCBuildConfiguration;
			buildSettings = {
				ASSETCATALOG_COMPILER_APPICON_NAME = AppIcon;
				CODE_SIGN_STYLE = Automatic;
				DEVELOPMENT_TEAM = KLD8R3PDMR;
				INFOPLIST_FILE = Login/Info.plist;
				LD_RUNPATH_SEARCH_PATHS = (
					"$(inherited)",
					"@executable_path/Frameworks",
				);
				PRODUCT_BUNDLE_IDENTIFIER = xamlab.Login;
				PRODUCT_NAME = "$(TARGET_NAME)";
				SWIFT_VERSION = 4.2;
				TARGETED_DEVICE_FAMILY = "1,2";
			};
			name = Debug;
		};
		E248C628215CBE8900770366 /* Release */ = {
			isa = XCBuildConfiguration;
			buildSettings = {
				ASSETCATALOG_COMPILER_APPICON_NAME = AppIcon;
				CODE_SIGN_STYLE = Automatic;
				DEVELOPMENT_TEAM = KLD8R3PDMR;
				INFOPLIST_FILE = Login/Info.plist;
				LD_RUNPATH_SEARCH_PATHS = (
					"$(inherited)",
					"@executable_path/Frameworks",
				);
				PRODUCT_BUNDLE_IDENTIFIER = xamlab.Login;
				PRODUCT_NAME = "$(TARGET_NAME)";
				SWIFT_VERSION = 4.2;
				TARGETED_DEVICE_FAMILY = "1,2";
			};
			name = Release;
		};
/* End XCBuildConfiguration section */

/* Begin XCConfigurationList section */
		E248C60F215CBE8700770366 /* Build configuration list for PBXProject "Login" */ = {
			isa = XCConfigurationList;
			buildConfigurations = (
				E248C624215CBE8900770366 /* Debug */,
				E248C625215CBE8900770366 /* Release */,
			);
			defaultConfigurationIsVisible = 0;
			defaultConfigurationName = Release;
		};
		E248C626215CBE8900770366 /* Build configuration list for PBXNativeTarget "Login" */ = {
			isa = XCConfigurationList;
			buildConfigurations = (
				E248C627215CBE8900770366 /* Debug */,
				E248C628215CBE8900770366 /* Release */,
			);
			defaultConfigurationIsVisible = 0;
			defaultConfigurationName = Release;
		};
/* End XCConfigurationList section */
	};
	rootObject = E248C60C215CBE8700770366 /* Project object */;
}
